
Microsoft Visual Studio Solution File, Format Version 12.00
# Visual Studio Version 16
VisualStudioVersion = 16.0.29230.47
MinimumVisualStudioVersion = 10.0.40219.1
Project("{FAE04EC0-301F-11D3-BF4B-00C04F79EFBC}") = "SAS Förder", "SAS Förder\SAS Förder.csproj", "{944735A9-4976-4D6D-BA82-4159F32B8794}"
EndProject
Global
	GlobalSection(SolutionConfigurationPlatforms) = preSolution
		Debug|Any CPU = Debug|Any CPU
		Release|Any CPU = Release|Any CPU
	EndGlobalSection
	GlobalSection(ProjectConfigurationPlatforms) = postSolution
		{944735A9-4976-4D6D-BA82-4159F32B8794}.Debug|Any CPU.ActiveCfg = Debug|Any CPU
		{944735A9-4976-4D6D-BA82-4159F32B8794}.Debug|Any CPU.Build.0 = Debug|Any CPU
		{944735A9-4976-4D6D-BA82-4159F32B8794}.Release|Any CPU.ActiveCfg = Release|Any CPU
		{944735A9-4976-4D6D-BA82-4159F32B8794}.Release|Any CPU.Build.0 = Release|Any CPU
	EndGlobalSection
	GlobalSection(SolutionProperties) = preSolution
		HideSolutionNode = FALSE
	EndGlobalSection
	GlobalSection(ExtensibilityGlobals) = postSolution
		SolutionGuid = {FFCF2C30-EEAB-4F84-B82C-AB5F11405DAA}
	EndGlobalSection
EndGlobal
