
Microsoft Visual Studio Solution File, Format Version 12.00
# Visual Studio Version 16
VisualStudioVersion = 16.0.29230.47
MinimumVisualStudioVersion = 10.0.40219.1
Project("{FAE04EC0-301F-11D3-BF4B-00C04F79EFBC}") = "Hotelrechnung", "Hotelrechnung\Hotelrechnung.csproj", "{F08CD6DF-65BB-4440-BF63-5F7FD6CBA11B}"
EndProject
Global
	GlobalSection(SolutionConfigurationPlatforms) = preSolution
		Debug|Any CPU = Debug|Any CPU
		Release|Any CPU = Release|Any CPU
	EndGlobalSection
	GlobalSection(ProjectConfigurationPlatforms) = postSolution
		{F08CD6DF-65BB-4440-BF63-5F7FD6CBA11B}.Debug|Any CPU.ActiveCfg = Debug|Any CPU
		{F08CD6DF-65BB-4440-BF63-5F7FD6CBA11B}.Debug|Any CPU.Build.0 = Debug|Any CPU
		{F08CD6DF-65BB-4440-BF63-5F7FD6CBA11B}.Release|Any CPU.ActiveCfg = Release|Any CPU
		{F08CD6DF-65BB-4440-BF63-5F7FD6CBA11B}.Release|Any CPU.Build.0 = Release|Any CPU
	EndGlobalSection
	GlobalSection(SolutionProperties) = preSolution
		HideSolutionNode = FALSE
	EndGlobalSection
	GlobalSection(ExtensibilityGlobals) = postSolution
		SolutionGuid = {CD13087E-0DCD-4D96-B322-4AEF7FAD8FCE}
	EndGlobalSection
EndGlobal
