
Microsoft Visual Studio Solution File, Format Version 12.00
# Visual Studio Version 16
VisualStudioVersion = 16.0.29306.81
MinimumVisualStudioVersion = 10.0.40219.1
Project("{FAE04EC0-301F-11D3-BF4B-00C04F79EFBC}") = "BMI_Berechnen", "BMI_Berechnen\BMI_Berechnen.csproj", "{8ACA67CC-94BB-40F5-B7F1-B1C6DF63D376}"
EndProject
Global
	GlobalSection(SolutionConfigurationPlatforms) = preSolution
		Debug|Any CPU = Debug|Any CPU
		Release|Any CPU = Release|Any CPU
	EndGlobalSection
	GlobalSection(ProjectConfigurationPlatforms) = postSolution
		{8ACA67CC-94BB-40F5-B7F1-B1C6DF63D376}.Debug|Any CPU.ActiveCfg = Debug|Any CPU
		{8ACA67CC-94BB-40F5-B7F1-B1C6DF63D376}.Debug|Any CPU.Build.0 = Debug|Any CPU
		{8ACA67CC-94BB-40F5-B7F1-B1C6DF63D376}.Release|Any CPU.ActiveCfg = Release|Any CPU
		{8ACA67CC-94BB-40F5-B7F1-B1C6DF63D376}.Release|Any CPU.Build.0 = Release|Any CPU
	EndGlobalSection
	GlobalSection(SolutionProperties) = preSolution
		HideSolutionNode = FALSE
	EndGlobalSection
	GlobalSection(ExtensibilityGlobals) = postSolution
		SolutionGuid = {1DB11E84-3640-4334-A4C5-EBB83F581E14}
	EndGlobalSection
EndGlobal
