
Microsoft Visual Studio Solution File, Format Version 12.00
# Visual Studio Version 16
VisualStudioVersion = 16.0.29230.47
MinimumVisualStudioVersion = 10.0.40219.1
Project("{FAE04EC0-301F-11D3-BF4B-00C04F79EFBC}") = "Zinsberechnung", "Zinsberechnung\Zinsberechnung.csproj", "{099363D6-DCE1-49FB-886A-98C5D423AF20}"
EndProject
Global
	GlobalSection(SolutionConfigurationPlatforms) = preSolution
		Debug|Any CPU = Debug|Any CPU
		Release|Any CPU = Release|Any CPU
	EndGlobalSection
	GlobalSection(ProjectConfigurationPlatforms) = postSolution
		{099363D6-DCE1-49FB-886A-98C5D423AF20}.Debug|Any CPU.ActiveCfg = Debug|Any CPU
		{099363D6-DCE1-49FB-886A-98C5D423AF20}.Debug|Any CPU.Build.0 = Debug|Any CPU
		{099363D6-DCE1-49FB-886A-98C5D423AF20}.Release|Any CPU.ActiveCfg = Release|Any CPU
		{099363D6-DCE1-49FB-886A-98C5D423AF20}.Release|Any CPU.Build.0 = Release|Any CPU
	EndGlobalSection
	GlobalSection(SolutionProperties) = preSolution
		HideSolutionNode = FALSE
	EndGlobalSection
	GlobalSection(ExtensibilityGlobals) = postSolution
		SolutionGuid = {52457914-ED00-4F3B-9FB2-7F3040B777CA}
	EndGlobalSection
EndGlobal
